
Microsoft Visual Studio Solution File, Format Version 12.00
# Visual Studio Version 16
VisualStudioVersion = 16.0.29613.14
MinimumVisualStudioVersion = 10.0.40219.1
Project("{FAE04EC0-301F-11D3-BF4B-00C04F79EFBC}") = "Calculator2", "Calculator2\Calculator2.csproj", "{840FD3C4-8B94-4B9F-8AB5-E3A9C8D6ECD2}"
EndProject
Global
	GlobalSection(SolutionConfigurationPlatforms) = preSolution
		Debug|Any CPU = Debug|Any CPU
		Release|Any CPU = Release|Any CPU
	EndGlobalSection
	GlobalSection(ProjectConfigurationPlatforms) = postSolution
		{840FD3C4-8B94-4B9F-8AB5-E3A9C8D6ECD2}.Debug|Any CPU.ActiveCfg = Debug|Any CPU
		{840FD3C4-8B94-4B9F-8AB5-E3A9C8D6ECD2}.Debug|Any CPU.Build.0 = Debug|Any CPU
		{840FD3C4-8B94-4B9F-8AB5-E3A9C8D6ECD2}.Release|Any CPU.ActiveCfg = Release|Any CPU
		{840FD3C4-8B94-4B9F-8AB5-E3A9C8D6ECD2}.Release|Any CPU.Build.0 = Release|Any CPU
	EndGlobalSection
	GlobalSection(SolutionProperties) = preSolution
		HideSolutionNode = FALSE
	EndGlobalSection
	GlobalSection(ExtensibilityGlobals) = postSolution
		SolutionGuid = {70C15A16-0CEC-4AB1-A265-6438A964C6A7}
	EndGlobalSection
EndGlobal
